
Microsoft Visual Studio Solution File, Format Version 12.00
# Visual Studio 14
VisualStudioVersion = 14.0.25420.1
MinimumVisualStudioVersion = 10.0.40219.1
Project("{FAE04EC0-301F-11D3-BF4B-00C04F79EFBC}") = "1GringottsDB", "1GringottsDB\1GringottsDB.csproj", "{1A4E650B-FF68-4188-95B2-E872B352804B}"
EndProject
Project("{FAE04EC0-301F-11D3-BF4B-00C04F79EFBC}") = "2CreateUser", "2CreateUser\2CreateUser.csproj", "{66D9CF77-7A83-48FE-9390-79468E1E612E}"
EndProject
Project("{FAE04EC0-301F-11D3-BF4B-00C04F79EFBC}") = "3HotelDB", "3HotelDB\3HotelDB.csproj", "{2CC5D793-3CF3-4561-87C4-2BECF2D6439D}"
EndProject
Global
	GlobalSection(SolutionConfigurationPlatforms) = preSolution
		Debug|Any CPU = Debug|Any CPU
		Release|Any CPU = Release|Any CPU
	EndGlobalSection
	GlobalSection(ProjectConfigurationPlatforms) = postSolution
		{1A4E650B-FF68-4188-95B2-E872B352804B}.Debug|Any CPU.ActiveCfg = Debug|Any CPU
		{1A4E650B-FF68-4188-95B2-E872B352804B}.Debug|Any CPU.Build.0 = Debug|Any CPU
		{1A4E650B-FF68-4188-95B2-E872B352804B}.Release|Any CPU.ActiveCfg = Release|Any CPU
		{1A4E650B-FF68-4188-95B2-E872B352804B}.Release|Any CPU.Build.0 = Release|Any CPU
		{66D9CF77-7A83-48FE-9390-79468E1E612E}.Debug|Any CPU.ActiveCfg = Debug|Any CPU
		{66D9CF77-7A83-48FE-9390-79468E1E612E}.Debug|Any CPU.Build.0 = Debug|Any CPU
		{66D9CF77-7A83-48FE-9390-79468E1E612E}.Release|Any CPU.ActiveCfg = Release|Any CPU
		{66D9CF77-7A83-48FE-9390-79468E1E612E}.Release|Any CPU.Build.0 = Release|Any CPU
		{2CC5D793-3CF3-4561-87C4-2BECF2D6439D}.Debug|Any CPU.ActiveCfg = Debug|Any CPU
		{2CC5D793-3CF3-4561-87C4-2BECF2D6439D}.Debug|Any CPU.Build.0 = Debug|Any CPU
		{2CC5D793-3CF3-4561-87C4-2BECF2D6439D}.Release|Any CPU.ActiveCfg = Release|Any CPU
		{2CC5D793-3CF3-4561-87C4-2BECF2D6439D}.Release|Any CPU.Build.0 = Release|Any CPU
	EndGlobalSection
	GlobalSection(SolutionProperties) = preSolution
		HideSolutionNode = FALSE
	EndGlobalSection
EndGlobal
