
Microsoft Visual Studio Solution File, Format Version 12.00
# Visual Studio 14
VisualStudioVersion = 14.0.25420.1
MinimumVisualStudioVersion = 10.0.40219.1
Project("{FAE04EC0-301F-11D3-BF4B-00C04F79EFBC}") = "PhotographyWorkshops.JsonImport", "PhotographyWorkshops.JsonImport\PhotographyWorkshops.JsonImport.csproj", "{ADD259C0-6055-48A1-B856-66D50B06493D}"
EndProject
Project("{FAE04EC0-301F-11D3-BF4B-00C04F79EFBC}") = "PhotographyWorkshops.Models", "PhotographyWorkshops.Models\PhotographyWorkshops.Models.csproj", "{D282A76C-ECE6-4979-B6ED-611BBA2FBD9E}"
EndProject
Project("{FAE04EC0-301F-11D3-BF4B-00C04F79EFBC}") = "PhotographyWorkshops.Data", "PhotographyWorkshops.Data\PhotographyWorkshops.Data.csproj", "{4BCCDD5C-3E9A-4A5F-B30C-9FE2125792D4}"
EndProject
Project("{FAE04EC0-301F-11D3-BF4B-00C04F79EFBC}") = "PhotographyWorkshops.Dtos", "PhotographyWorkshops.Dtos\PhotographyWorkshops.Dtos.csproj", "{EBBB1071-468B-4DF4-9D6E-90BC8B8E41BA}"
EndProject
Project("{FAE04EC0-301F-11D3-BF4B-00C04F79EFBC}") = "PhotographyWorkshops.XmlImport", "PhotographyWorkshops.XmlImport\PhotographyWorkshops.XmlImport.csproj", "{307295CB-00B9-4C39-9197-16C924A1FF04}"
EndProject
Global
	GlobalSection(SolutionConfigurationPlatforms) = preSolution
		Debug|Any CPU = Debug|Any CPU
		Release|Any CPU = Release|Any CPU
	EndGlobalSection
	GlobalSection(ProjectConfigurationPlatforms) = postSolution
		{ADD259C0-6055-48A1-B856-66D50B06493D}.Debug|Any CPU.ActiveCfg = Debug|Any CPU
		{ADD259C0-6055-48A1-B856-66D50B06493D}.Debug|Any CPU.Build.0 = Debug|Any CPU
		{ADD259C0-6055-48A1-B856-66D50B06493D}.Release|Any CPU.ActiveCfg = Release|Any CPU
		{ADD259C0-6055-48A1-B856-66D50B06493D}.Release|Any CPU.Build.0 = Release|Any CPU
		{D282A76C-ECE6-4979-B6ED-611BBA2FBD9E}.Debug|Any CPU.ActiveCfg = Debug|Any CPU
		{D282A76C-ECE6-4979-B6ED-611BBA2FBD9E}.Debug|Any CPU.Build.0 = Debug|Any CPU
		{D282A76C-ECE6-4979-B6ED-611BBA2FBD9E}.Release|Any CPU.ActiveCfg = Release|Any CPU
		{D282A76C-ECE6-4979-B6ED-611BBA2FBD9E}.Release|Any CPU.Build.0 = Release|Any CPU
		{4BCCDD5C-3E9A-4A5F-B30C-9FE2125792D4}.Debug|Any CPU.ActiveCfg = Debug|Any CPU
		{4BCCDD5C-3E9A-4A5F-B30C-9FE2125792D4}.Debug|Any CPU.Build.0 = Debug|Any CPU
		{4BCCDD5C-3E9A-4A5F-B30C-9FE2125792D4}.Release|Any CPU.ActiveCfg = Release|Any CPU
		{4BCCDD5C-3E9A-4A5F-B30C-9FE2125792D4}.Release|Any CPU.Build.0 = Release|Any CPU
		{EBBB1071-468B-4DF4-9D6E-90BC8B8E41BA}.Debug|Any CPU.ActiveCfg = Debug|Any CPU
		{EBBB1071-468B-4DF4-9D6E-90BC8B8E41BA}.Debug|Any CPU.Build.0 = Debug|Any CPU
		{EBBB1071-468B-4DF4-9D6E-90BC8B8E41BA}.Release|Any CPU.ActiveCfg = Release|Any CPU
		{EBBB1071-468B-4DF4-9D6E-90BC8B8E41BA}.Release|Any CPU.Build.0 = Release|Any CPU
		{307295CB-00B9-4C39-9197-16C924A1FF04}.Debug|Any CPU.ActiveCfg = Debug|Any CPU
		{307295CB-00B9-4C39-9197-16C924A1FF04}.Debug|Any CPU.Build.0 = Debug|Any CPU
		{307295CB-00B9-4C39-9197-16C924A1FF04}.Release|Any CPU.ActiveCfg = Release|Any CPU
		{307295CB-00B9-4C39-9197-16C924A1FF04}.Release|Any CPU.Build.0 = Release|Any CPU
	EndGlobalSection
	GlobalSection(SolutionProperties) = preSolution
		HideSolutionNode = FALSE
	EndGlobalSection
EndGlobal
